
Microsoft Visual Studio Solution File, Format Version 12.00
# Visual Studio Version 16
VisualStudioVersion = 16.0.30907.101
MinimumVisualStudioVersion = 10.0.40219.1
Project("{FAE04EC0-301F-11D3-BF4B-00C04F79EFBC}") = "Loonie Tunes", "Loonie Tunes.csproj", "{1A4D1460-9262-4969-96CE-8D14E1226AC1}"
EndProject
Project("{54435603-DBB4-11D2-8724-00A0C9A8B90C}") = "LoonieTunes", "..\LoonieTunes\LoonieTunes.vdproj", "{2FF67900-D5F6-44BB-A7F9-C3DB1F196D96}"
EndProject
Global
	GlobalSection(SolutionConfigurationPlatforms) = preSolution
		Debug|Any CPU = Debug|Any CPU
		Release|Any CPU = Release|Any CPU
	EndGlobalSection
	GlobalSection(ProjectConfigurationPlatforms) = postSolution
		{1A4D1460-9262-4969-96CE-8D14E1226AC1}.Debug|Any CPU.ActiveCfg = Debug|Any CPU
		{1A4D1460-9262-4969-96CE-8D14E1226AC1}.Debug|Any CPU.Build.0 = Debug|Any CPU
		{1A4D1460-9262-4969-96CE-8D14E1226AC1}.Release|Any CPU.ActiveCfg = Release|Any CPU
		{1A4D1460-9262-4969-96CE-8D14E1226AC1}.Release|Any CPU.Build.0 = Release|Any CPU
		{2FF67900-D5F6-44BB-A7F9-C3DB1F196D96}.Debug|Any CPU.ActiveCfg = Debug
		{2FF67900-D5F6-44BB-A7F9-C3DB1F196D96}.Release|Any CPU.ActiveCfg = Release
	EndGlobalSection
	GlobalSection(SolutionProperties) = preSolution
		HideSolutionNode = FALSE
	EndGlobalSection
	GlobalSection(ExtensibilityGlobals) = postSolution
		SolutionGuid = {6ACD4DE5-0C87-40BB-AA08-2A94096DC2AF}
	EndGlobalSection
EndGlobal
